
Microsoft Visual Studio Solution File, Format Version 12.00
# Visual Studio Version 17
VisualStudioVersion = 17.4.33205.214
MinimumVisualStudioVersion = 10.0.40219.1
Project("{9A19103F-16F7-4668-BE54-9A1E7A4F7556}") = "TigerL10N", "src\TigerL10N.csproj", "{6C81084E-BD46-445C-A118-E57430CA6E90}"
EndProject
Global
	GlobalSection(SolutionConfigurationPlatforms) = preSolution
		Debug|Any CPU = Debug|Any CPU
		Release|Any CPU = Release|Any CPU
	EndGlobalSection
	GlobalSection(ProjectConfigurationPlatforms) = postSolution
		{6C81084E-BD46-445C-A118-E57430CA6E90}.Debug|Any CPU.ActiveCfg = Debug|Any CPU
		{6C81084E-BD46-445C-A118-E57430CA6E90}.Debug|Any CPU.Build.0 = Debug|Any CPU
		{6C81084E-BD46-445C-A118-E57430CA6E90}.Release|Any CPU.ActiveCfg = Release|Any CPU
		{6C81084E-BD46-445C-A118-E57430CA6E90}.Release|Any CPU.Build.0 = Release|Any CPU
	EndGlobalSection
	GlobalSection(SolutionProperties) = preSolution
		HideSolutionNode = FALSE
	EndGlobalSection
	GlobalSection(ExtensibilityGlobals) = postSolution
		SolutionGuid = {1B1D8730-38D8-4E73-A197-C5A9CB6560FF}
	EndGlobalSection
EndGlobal
